
Microsoft Visual Studio Solution File, Format Version 12.00
# Visual Studio 15
VisualStudioVersion = 15.0.27004.2008
MinimumVisualStudioVersion = 10.0.40219.1
Project("{FAE04EC0-301F-11D3-BF4B-00C04F79EFBC}") = "Inventory", "Inventory\Inventory.csproj", "{D82C4293-61D1-4274-8B14-A53444CFCA94}"
EndProject
Global
	GlobalSection(SolutionConfigurationPlatforms) = preSolution
		Debug|Any CPU = Debug|Any CPU
		Release|Any CPU = Release|Any CPU
	EndGlobalSection
	GlobalSection(ProjectConfigurationPlatforms) = postSolution
		{D82C4293-61D1-4274-8B14-A53444CFCA94}.Debug|Any CPU.ActiveCfg = Debug|Any CPU
		{D82C4293-61D1-4274-8B14-A53444CFCA94}.Debug|Any CPU.Build.0 = Debug|Any CPU
		{D82C4293-61D1-4274-8B14-A53444CFCA94}.Release|Any CPU.ActiveCfg = Release|Any CPU
		{D82C4293-61D1-4274-8B14-A53444CFCA94}.Release|Any CPU.Build.0 = Release|Any CPU
	EndGlobalSection
	GlobalSection(SolutionProperties) = preSolution
		HideSolutionNode = FALSE
	EndGlobalSection
	GlobalSection(ExtensibilityGlobals) = postSolution
		SolutionGuid = {6A32134B-6F13-4E89-BA91-3DC29319B974}
	EndGlobalSection
EndGlobal
